
Microsoft Visual Studio Solution File, Format Version 12.00
# Visual Studio Version 16
VisualStudioVersion = 16.0.29306.81
MinimumVisualStudioVersion = 10.0.40219.1
Project("{FAE04EC0-301F-11D3-BF4B-00C04F79EFBC}") = "TheCloudHealth", "TheCloudHealth.csproj", "{70AB9F18-4D44-4CB5-A04C-500D3488F0FD}"
EndProject
Global
	GlobalSection(SolutionConfigurationPlatforms) = preSolution
		Debug|Any CPU = Debug|Any CPU
		Release|Any CPU = Release|Any CPU
	EndGlobalSection
	GlobalSection(ProjectConfigurationPlatforms) = postSolution
		{70AB9F18-4D44-4CB5-A04C-500D3488F0FD}.Debug|Any CPU.ActiveCfg = Debug|Any CPU
		{70AB9F18-4D44-4CB5-A04C-500D3488F0FD}.Debug|Any CPU.Build.0 = Debug|Any CPU
		{70AB9F18-4D44-4CB5-A04C-500D3488F0FD}.Release|Any CPU.ActiveCfg = Release|Any CPU
		{70AB9F18-4D44-4CB5-A04C-500D3488F0FD}.Release|Any CPU.Build.0 = Release|Any CPU
	EndGlobalSection
	GlobalSection(SolutionProperties) = preSolution
		HideSolutionNode = FALSE
	EndGlobalSection
	GlobalSection(ExtensibilityGlobals) = postSolution
		SolutionGuid = {1A44DE20-C7EF-4B87-9210-4BA17F83F021}
	EndGlobalSection
EndGlobal
